
Microsoft Visual Studio Solution File, Format Version 12.00
# Visual Studio Version 17
VisualStudioVersion = 17.1.32414.318
MinimumVisualStudioVersion = 10.0.40219.1
Project("{2150E333-8FDC-42A3-9474-1A3956D46DE8}") = "API", "API", "{E5DC9BB5-EFB9-46E2-9C84-E4537E00E1F9}"
EndProject
Project("{2150E333-8FDC-42A3-9474-1A3956D46DE8}") = "Core", "Core", "{EB14ACF1-4525-4697-9AF8-7F37B9F525E1}"
EndProject
Project("{9A19103F-16F7-4668-BE54-9A1E7A4F7556}") = "Locadora.WebApp.Domain", "src\Locadora.WebApp.WebApp.Domain\Locadora.WebApp.Domain.csproj", "{75060303-0138-4479-9BDE-6D6C72C4662E}"
EndProject
Project("{9A19103F-16F7-4668-BE54-9A1E7A4F7556}") = "Locadora.WebApp.Infrastructure", "src\Locadora.WebApp.Infrastructure\Locadora.WebApp.Infrastructure.csproj", "{C6725893-F361-4EB6-9981-1C5774541E31}"
EndProject
Project("{9A19103F-16F7-4668-BE54-9A1E7A4F7556}") = "Locadora.WebApp", "src\Locadora.WebApp\Locadora.WebApp.csproj", "{4D3BA045-3B4C-4348-B3D0-874DED3BA2DE}"
EndProject
Global
	GlobalSection(SolutionConfigurationPlatforms) = preSolution
		Debug|Any CPU = Debug|Any CPU
		Release|Any CPU = Release|Any CPU
	EndGlobalSection
	GlobalSection(ProjectConfigurationPlatforms) = postSolution
		{75060303-0138-4479-9BDE-6D6C72C4662E}.Debug|Any CPU.ActiveCfg = Debug|Any CPU
		{75060303-0138-4479-9BDE-6D6C72C4662E}.Debug|Any CPU.Build.0 = Debug|Any CPU
		{75060303-0138-4479-9BDE-6D6C72C4662E}.Release|Any CPU.ActiveCfg = Release|Any CPU
		{75060303-0138-4479-9BDE-6D6C72C4662E}.Release|Any CPU.Build.0 = Release|Any CPU
		{C6725893-F361-4EB6-9981-1C5774541E31}.Debug|Any CPU.ActiveCfg = Debug|Any CPU
		{C6725893-F361-4EB6-9981-1C5774541E31}.Debug|Any CPU.Build.0 = Debug|Any CPU
		{C6725893-F361-4EB6-9981-1C5774541E31}.Release|Any CPU.ActiveCfg = Release|Any CPU
		{C6725893-F361-4EB6-9981-1C5774541E31}.Release|Any CPU.Build.0 = Release|Any CPU
		{4D3BA045-3B4C-4348-B3D0-874DED3BA2DE}.Debug|Any CPU.ActiveCfg = Debug|Any CPU
		{4D3BA045-3B4C-4348-B3D0-874DED3BA2DE}.Debug|Any CPU.Build.0 = Debug|Any CPU
		{4D3BA045-3B4C-4348-B3D0-874DED3BA2DE}.Release|Any CPU.ActiveCfg = Release|Any CPU
		{4D3BA045-3B4C-4348-B3D0-874DED3BA2DE}.Release|Any CPU.Build.0 = Release|Any CPU
	EndGlobalSection
	GlobalSection(SolutionProperties) = preSolution
		HideSolutionNode = FALSE
	EndGlobalSection
	GlobalSection(NestedProjects) = preSolution
		{75060303-0138-4479-9BDE-6D6C72C4662E} = {EB14ACF1-4525-4697-9AF8-7F37B9F525E1}
		{C6725893-F361-4EB6-9981-1C5774541E31} = {EB14ACF1-4525-4697-9AF8-7F37B9F525E1}
		{4D3BA045-3B4C-4348-B3D0-874DED3BA2DE} = {E5DC9BB5-EFB9-46E2-9C84-E4537E00E1F9}
	EndGlobalSection
	GlobalSection(ExtensibilityGlobals) = postSolution
		SolutionGuid = {9C63C72E-E7BB-44CE-AED3-3E1AF2DA0845}
	EndGlobalSection
EndGlobal
